{
  "lockfileVersion": 1,
  "configVersion": 1,
  "workspaces": {
    "": {
      "devDependencies": {
        "canvas-confetti": "^1.9.4",
      },
    },
  },
  "packages": {
    "canvas-confetti": ["canvas-confetti@1.9.4", "", {}, "sha512-yxQbJkAVrFXWNbTUjPqjF7G+g6pDotOUHGbkZq2NELZUMDpiJ85rIEazVb8GTaAptNW2miJAXbs1BtioA251Pw=="],
  }
}
